
Microsoft Visual Studio Solution File, Format Version 12.00
# Visual Studio Version 17
VisualStudioVersion = 17.11.35327.3
MinimumVisualStudioVersion = 10.0.40219.1
Project("{9A19103F-16F7-4668-BE54-9A1E7A4F7556}") = "RBNWebApp_Nov2024", "RBNWebApp_Nov2024\RBNWebApp_Nov2024.csproj", "{A2F70DCC-B671-4459-B82C-8A71D165B640}"
EndProject
Global
	GlobalSection(SolutionConfigurationPlatforms) = preSolution
		Debug|Any CPU = Debug|Any CPU
		Release|Any CPU = Release|Any CPU
	EndGlobalSection
	GlobalSection(ProjectConfigurationPlatforms) = postSolution
		{A2F70DCC-B671-4459-B82C-8A71D165B640}.Debug|Any CPU.ActiveCfg = Debug|Any CPU
		{A2F70DCC-B671-4459-B82C-8A71D165B640}.Debug|Any CPU.Build.0 = Debug|Any CPU
		{A2F70DCC-B671-4459-B82C-8A71D165B640}.Release|Any CPU.ActiveCfg = Release|Any CPU
		{A2F70DCC-B671-4459-B82C-8A71D165B640}.Release|Any CPU.Build.0 = Release|Any CPU
	EndGlobalSection
	GlobalSection(SolutionProperties) = preSolution
		HideSolutionNode = FALSE
	EndGlobalSection
	GlobalSection(ExtensibilityGlobals) = postSolution
		SolutionGuid = {BC614B9D-ABC1-4836-898E-2C3ACF548D91}
	EndGlobalSection
EndGlobal
